// !$*UTF8*$!
{
	archiveVersion = 1;
	classes = {
	};
	objectVersion = 55;
	objects = {

/* Begin PBXBuildFile section */
		92D9A8C928C3C43E0074B23D /* CityRestaurantsApp.swift in Sources */ = {isa = PBXBuildFile; fileRef = 92D9A8C828C3C43E0074B23D /* CityRestaurantsApp.swift */; };
		92D9A8CB28C3C43E0074B23D /* LaunchView.swift in Sources */ = {isa = PBXBuildFile; fileRef = 92D9A8CA28C3C43E0074B23D /* LaunchView.swift */; };
		92D9A8CD28C3C43F0074B23D /* Assets.xcassets in Resources */ = {isa = PBXBuildFile; fileRef = 92D9A8CC28C3C43F0074B23D /* Assets.xcassets */; };
		92D9A8D028C3C43F0074B23D /* Preview Assets.xcassets in Resources */ = {isa = PBXBuildFile; fileRef = 92D9A8CF28C3C43F0074B23D /* Preview Assets.xcassets */; };
		92D9A8DA28C49DA90074B23D /* ContentModel.swift in Sources */ = {isa = PBXBuildFile; fileRef = 92D9A8D928C49DA90074B23D /* ContentModel.swift */; };
		92E7E38428CA3FA100C594F4 /* Business.swift in Sources */ = {isa = PBXBuildFile; fileRef = 92E7E38328CA3FA100C594F4 /* Business.swift */; };
		92E7E38628CA413C00C594F4 /* BusinessSearch.swift in Sources */ = {isa = PBXBuildFile; fileRef = 92E7E38528CA413C00C594F4 /* BusinessSearch.swift */; };
		92E7E38A28CA439700C594F4 /* Constants.swift in Sources */ = {isa = PBXBuildFile; fileRef = 92E7E38928CA439700C594F4 /* Constants.swift */; };
		92E7E39228CB52C500C594F4 /* HomeView.swift in Sources */ = {isa = PBXBuildFile; fileRef = 92E7E39128CB52C500C594F4 /* HomeView.swift */; };
		92E7E39528CB54AE00C594F4 /* BusinessList.swift in Sources */ = {isa = PBXBuildFile; fileRef = 92E7E39428CB54AE00C594F4 /* BusinessList.swift */; };
		92E7E39728CB566400C594F4 /* BusinessSectionHeader.swift in Sources */ = {isa = PBXBuildFile; fileRef = 92E7E39628CB566400C594F4 /* BusinessSectionHeader.swift */; };
		92E7E39928CB571700C594F4 /* BusinessSection.swift in Sources */ = {isa = PBXBuildFile; fileRef = 92E7E39828CB571700C594F4 /* BusinessSection.swift */; };
		92E7E39B28CB5B6700C594F4 /* BusinessRow.swift in Sources */ = {isa = PBXBuildFile; fileRef = 92E7E39A28CB5B6700C594F4 /* BusinessRow.swift */; };
/* End PBXBuildFile section */

/* Begin PBXFileReference section */
		92D9A8C528C3C43E0074B23D /* City Restaurants.app */ = {isa = PBXFileReference; explicitFileType = wrapper.application; includeInIndex = 0; path = "City Restaurants.app"; sourceTree = BUILT_PRODUCTS_DIR; };
		92D9A8C828C3C43E0074B23D /* CityRestaurantsApp.swift */ = {isa = PBXFileReference; lastKnownFileType = sourcecode.swift; path = CityRestaurantsApp.swift; sourceTree = "<group>"; };
		92D9A8CA28C3C43E0074B23D /* LaunchView.swift */ = {isa = PBXFileReference; lastKnownFileType = sourcecode.swift; path = LaunchView.swift; sourceTree = "<group>"; };
		92D9A8CC28C3C43F0074B23D /* Assets.xcassets */ = {isa = PBXFileReference; lastKnownFileType = folder.assetcatalog; path = Assets.xcassets; sourceTree = "<group>"; };
		92D9A8CF28C3C43F0074B23D /* Preview Assets.xcassets */ = {isa = PBXFileReference; lastKnownFileType = folder.assetcatalog; path = "Preview Assets.xcassets"; sourceTree = "<group>"; };
		92D9A8D928C49DA90074B23D /* ContentModel.swift */ = {isa = PBXFileReference; lastKnownFileType = sourcecode.swift; path = ContentModel.swift; sourceTree = "<group>"; };
		92E7E38328CA3FA100C594F4 /* Business.swift */ = {isa = PBXFileReference; lastKnownFileType = sourcecode.swift; path = Business.swift; sourceTree = "<group>"; };
		92E7E38528CA413C00C594F4 /* BusinessSearch.swift */ = {isa = PBXFileReference; lastKnownFileType = sourcecode.swift; path = BusinessSearch.swift; sourceTree = "<group>"; };
		92E7E38928CA439700C594F4 /* Constants.swift */ = {isa = PBXFileReference; lastKnownFileType = sourcecode.swift; path = Constants.swift; sourceTree = "<group>"; };
		92E7E38B28CA455F00C594F4 /* City-Restaurants-Info.plist */ = {isa = PBXFileReference; lastKnownFileType = text.plist; path = "City-Restaurants-Info.plist"; sourceTree = SOURCE_ROOT; };
		92E7E39128CB52C500C594F4 /* HomeView.swift */ = {isa = PBXFileReference; lastKnownFileType = sourcecode.swift; path = HomeView.swift; sourceTree = "<group>"; };
		92E7E39428CB54AE00C594F4 /* BusinessList.swift */ = {isa = PBXFileReference; lastKnownFileType = sourcecode.swift; path = BusinessList.swift; sourceTree = "<group>"; };
		92E7E39628CB566400C594F4 /* BusinessSectionHeader.swift */ = {isa = PBXFileReference; lastKnownFileType = sourcecode.swift; path = BusinessSectionHeader.swift; sourceTree = "<group>"; };
		92E7E39828CB571700C594F4 /* BusinessSection.swift */ = {isa = PBXFileReference; lastKnownFileType = sourcecode.swift; path = BusinessSection.swift; sourceTree = "<group>"; };
		92E7E39A28CB5B6700C594F4 /* BusinessRow.swift */ = {isa = PBXFileReference; lastKnownFileType = sourcecode.swift; path = BusinessRow.swift; sourceTree = "<group>"; };
/* End PBXFileReference section */

/* Begin PBXFrameworksBuildPhase section */
		92D9A8C228C3C43E0074B23D /* Frameworks */ = {
			isa = PBXFrameworksBuildPhase;
			buildActionMask = 2147483647;
			files = (
			);
			runOnlyForDeploymentPostprocessing = 0;
		};
/* End PBXFrameworksBuildPhase section */

/* Begin PBXGroup section */
		92D9A8BC28C3C43E0074B23D = {
			isa = PBXGroup;
			children = (
				92D9A8C728C3C43E0074B23D /* City Restaurants */,
				92D9A8C628C3C43E0074B23D /* Products */,
			);
			sourceTree = "<group>";
		};
		92D9A8C628C3C43E0074B23D /* Products */ = {
			isa = PBXGroup;
			children = (
				92D9A8C528C3C43E0074B23D /* City Restaurants.app */,
			);
			name = Products;
			sourceTree = "<group>";
		};
		92D9A8C728C3C43E0074B23D /* City Restaurants */ = {
			isa = PBXGroup;
			children = (
				92E7E38B28CA455F00C594F4 /* City-Restaurants-Info.plist */,
				92D9A8C828C3C43E0074B23D /* CityRestaurantsApp.swift */,
				92D9A8D828C3C4B60074B23D /* ViewModels */,
				92D9A8D728C3C4B10074B23D /* Views */,
				92D9A8D628C3C4AA0074B23D /* Models */,
				92E7E38828CA437700C594F4 /* Helpers */,
				92D9A8CC28C3C43F0074B23D /* Assets.xcassets */,
				92D9A8CE28C3C43F0074B23D /* Preview Content */,
			);
			path = "City Restaurants";
			sourceTree = "<group>";
		};
		92D9A8CE28C3C43F0074B23D /* Preview Content */ = {
			isa = PBXGroup;
			children = (
				92D9A8CF28C3C43F0074B23D /* Preview Assets.xcassets */,
			);
			path = "Preview Content";
			sourceTree = "<group>";
		};
		92D9A8D628C3C4AA0074B23D /* Models */ = {
			isa = PBXGroup;
			children = (
				92E7E38328CA3FA100C594F4 /* Business.swift */,
				92E7E38528CA413C00C594F4 /* BusinessSearch.swift */,
			);
			path = Models;
			sourceTree = "<group>";
		};
		92D9A8D728C3C4B10074B23D /* Views */ = {
			isa = PBXGroup;
			children = (
				92D9A8CA28C3C43E0074B23D /* LaunchView.swift */,
				92E7E38E28CB500400C594F4 /* Home */,
				92E7E38D28CB4FFA00C594F4 /* Denied */,
				92E7E38C28CB4FF000C594F4 /* Onboarding */,
			);
			path = Views;
			sourceTree = "<group>";
		};
		92D9A8D828C3C4B60074B23D /* ViewModels */ = {
			isa = PBXGroup;
			children = (
				92D9A8D928C49DA90074B23D /* ContentModel.swift */,
			);
			path = ViewModels;
			sourceTree = "<group>";
		};
		92E7E38828CA437700C594F4 /* Helpers */ = {
			isa = PBXGroup;
			children = (
				92E7E38928CA439700C594F4 /* Constants.swift */,
			);
			path = Helpers;
			sourceTree = "<group>";
		};
		92E7E38C28CB4FF000C594F4 /* Onboarding */ = {
			isa = PBXGroup;
			children = (
			);
			path = Onboarding;
			sourceTree = "<group>";
		};
		92E7E38D28CB4FFA00C594F4 /* Denied */ = {
			isa = PBXGroup;
			children = (
			);
			path = Denied;
			sourceTree = "<group>";
		};
		92E7E38E28CB500400C594F4 /* Home */ = {
			isa = PBXGroup;
			children = (
				92E7E39128CB52C500C594F4 /* HomeView.swift */,
				92E7E39328CB549D00C594F4 /* List */,
			);
			path = Home;
			sourceTree = "<group>";
		};
		92E7E39328CB549D00C594F4 /* List */ = {
			isa = PBXGroup;
			children = (
				92E7E39428CB54AE00C594F4 /* BusinessList.swift */,
				92E7E39628CB566400C594F4 /* BusinessSectionHeader.swift */,
				92E7E39828CB571700C594F4 /* BusinessSection.swift */,
				92E7E39A28CB5B6700C594F4 /* BusinessRow.swift */,
			);
			path = List;
			sourceTree = "<group>";
		};
/* End PBXGroup section */

/* Begin PBXNativeTarget section */
		92D9A8C428C3C43E0074B23D /* City Restaurants */ = {
			isa = PBXNativeTarget;
			buildConfigurationList = 92D9A8D328C3C43F0074B23D /* Build configuration list for PBXNativeTarget "City Restaurants" */;
			buildPhases = (
				92D9A8C128C3C43E0074B23D /* Sources */,
				92D9A8C228C3C43E0074B23D /* Frameworks */,
				92D9A8C328C3C43E0074B23D /* Resources */,
			);
			buildRules = (
			);
			dependencies = (
			);
			name = "City Restaurants";
			productName = "City Restaurants";
			productReference = 92D9A8C528C3C43E0074B23D /* City Restaurants.app */;
			productType = "com.apple.product-type.application";
		};
/* End PBXNativeTarget section */

/* Begin PBXProject section */
		92D9A8BD28C3C43E0074B23D /* Project object */ = {
			isa = PBXProject;
			attributes = {
				BuildIndependentTargetsInParallel = 1;
				LastSwiftUpdateCheck = 1340;
				LastUpgradeCheck = 1340;
				TargetAttributes = {
					92D9A8C428C3C43E0074B23D = {
						CreatedOnToolsVersion = 13.4.1;
					};
				};
			};
			buildConfigurationList = 92D9A8C028C3C43E0074B23D /* Build configuration list for PBXProject "City Restaurants" */;
			compatibilityVersion = "Xcode 13.0";
			developmentRegion = en;
			hasScannedForEncodings = 0;
			knownRegions = (
				en,
				Base,
			);
			mainGroup = 92D9A8BC28C3C43E0074B23D;
			productRefGroup = 92D9A8C628C3C43E0074B23D /* Products */;
			projectDirPath = "";
			projectRoot = "";
			targets = (
				92D9A8C428C3C43E0074B23D /* City Restaurants */,
			);
		};
/* End PBXProject section */

/* Begin PBXResourcesBuildPhase section */
		92D9A8C328C3C43E0074B23D /* Resources */ = {
			isa = PBXResourcesBuildPhase;
			buildActionMask = 2147483647;
			files = (
				92D9A8D028C3C43F0074B23D /* Preview Assets.xcassets in Resources */,
				92D9A8CD28C3C43F0074B23D /* Assets.xcassets in Resources */,
			);
			runOnlyForDeploymentPostprocessing = 0;
		};
/* End PBXResourcesBuildPhase section */

/* Begin PBXSourcesBuildPhase section */
		92D9A8C128C3C43E0074B23D /* Sources */ = {
			isa = PBXSourcesBuildPhase;
			buildActionMask = 2147483647;
			files = (
				92D9A8CB28C3C43E0074B23D /* LaunchView.swift in Sources */,
				92E7E39B28CB5B6700C594F4 /* BusinessRow.swift in Sources */,
				92E7E39228CB52C500C594F4 /* HomeView.swift in Sources */,
				92E7E38428CA3FA100C594F4 /* Business.swift in Sources */,
				92E7E39728CB566400C594F4 /* BusinessSectionHeader.swift in Sources */,
				92D9A8C928C3C43E0074B23D /* CityRestaurantsApp.swift in Sources */,
				92E7E38628CA413C00C594F4 /* BusinessSearch.swift in Sources */,
				92E7E39528CB54AE00C594F4 /* BusinessList.swift in Sources */,
				92E7E39928CB571700C594F4 /* BusinessSection.swift in Sources */,
				92D9A8DA28C49DA90074B23D /* ContentModel.swift in Sources */,
				92E7E38A28CA439700C594F4 /* Constants.swift in Sources */,
			);
			runOnlyForDeploymentPostprocessing = 0;
		};
/* End PBXSourcesBuildPhase section */

/* Begin XCBuildConfiguration section */
		92D9A8D128C3C43F0074B23D /* Debug */ = {
			isa = XCBuildConfiguration;
			buildSettings = {
				ALWAYS_SEARCH_USER_PATHS = NO;
				CLANG_ANALYZER_NONNULL = YES;
				CLANG_ANALYZER_NUMBER_OBJECT_CONVERSION = YES_AGGRESSIVE;
				CLANG_CXX_LANGUAGE_STANDARD = "gnu++17";
				CLANG_ENABLE_MODULES = YES;
				CLANG_ENABLE_OBJC_ARC = YES;
				CLANG_ENABLE_OBJC_WEAK = YES;
				CLANG_WARN_BLOCK_CAPTURE_AUTORELEASING = YES;
				CLANG_WARN_BOOL_CONVERSION = YES;
				CLANG_WARN_COMMA = YES;
				CLANG_WARN_CONSTANT_CONVERSION = YES;
				CLANG_WARN_DEPRECATED_OBJC_IMPLEMENTATIONS = YES;
				CLANG_WARN_DIRECT_OBJC_ISA_USAGE = YES_ERROR;
				CLANG_WARN_DOCUMENTATION_COMMENTS = YES;
				CLANG_WARN_EMPTY_BODY = YES;
				CLANG_WARN_ENUM_CONVERSION = YES;
				CLANG_WARN_INFINITE_RECURSION = YES;
				CLANG_WARN_INT_CONVERSION = YES;
				CLANG_WARN_NON_LITERAL_NULL_CONVERSION = YES;
				CLANG_WARN_OBJC_IMPLICIT_RETAIN_SELF = YES;
				CLANG_WARN_OBJC_LITERAL_CONVERSION = YES;
				CLANG_WARN_OBJC_ROOT_CLASS = YES_ERROR;
				CLANG_WARN_QUOTED_INCLUDE_IN_FRAMEWORK_HEADER = YES;
				CLANG_WARN_RANGE_LOOP_ANALYSIS = YES;
				CLANG_WARN_STRICT_PROTOTYPES = YES;
				CLANG_WARN_SUSPICIOUS_MOVE = YES;
				CLANG_WARN_UNGUARDED_AVAILABILITY = YES_AGGRESSIVE;
				CLANG_WARN_UNREACHABLE_CODE = YES;
				CLANG_WARN__DUPLICATE_METHOD_MATCH = YES;
				COPY_PHASE_STRIP = NO;
				DEBUG_INFORMATION_FORMAT = dwarf;
				ENABLE_STRICT_OBJC_MSGSEND = YES;
				ENABLE_TESTABILITY = YES;
				GCC_C_LANGUAGE_STANDARD = gnu11;
				GCC_DYNAMIC_NO_PIC = NO;
				GCC_NO_COMMON_BLOCKS = YES;
				GCC_OPTIMIZATION_LEVEL = 0;
				GCC_PREPROCESSOR_DEFINITIONS = (
					"DEBUG=1",
					"$(inherited)",
				);
				GCC_WARN_64_TO_32_BIT_CONVERSION = YES;
				GCC_WARN_ABOUT_RETURN_TYPE = YES_ERROR;
				GCC_WARN_UNDECLARED_SELECTOR = YES;
				GCC_WARN_UNINITIALIZED_AUTOS = YES_AGGRESSIVE;
				GCC_WARN_UNUSED_FUNCTION = YES;
				GCC_WARN_UNUSED_VARIABLE = YES;
				IPHONEOS_DEPLOYMENT_TARGET = 15.5;
				MTL_ENABLE_DEBUG_INFO = INCLUDE_SOURCE;
				MTL_FAST_MATH = YES;
				ONLY_ACTIVE_ARCH = YES;
				SDKROOT = iphoneos;
				SWIFT_ACTIVE_COMPILATION_CONDITIONS = DEBUG;
				SWIFT_OPTIMIZATION_LEVEL = "-Onone";
			};
			name = Debug;
		};
		92D9A8D228C3C43F0074B23D /* Release */ = {
			isa = XCBuildConfiguration;
			buildSettings = {
				ALWAYS_SEARCH_USER_PATHS = NO;
				CLANG_ANALYZER_NONNULL = YES;
				CLANG_ANALYZER_NUMBER_OBJECT_CONVERSION = YES_AGGRESSIVE;
				CLANG_CXX_LANGUAGE_STANDARD = "gnu++17";
				CLANG_ENABLE_MODULES = YES;
				CLANG_ENABLE_OBJC_ARC = YES;
				CLANG_ENABLE_OBJC_WEAK = YES;
				CLANG_WARN_BLOCK_CAPTURE_AUTORELEASING = YES;
				CLANG_WARN_BOOL_CONVERSION = YES;
				CLANG_WARN_COMMA = YES;
				CLANG_WARN_CONSTANT_CONVERSION = YES;
				CLANG_WARN_DEPRECATED_OBJC_IMPLEMENTATIONS = YES;
				CLANG_WARN_DIRECT_OBJC_ISA_USAGE = YES_ERROR;
				CLANG_WARN_DOCUMENTATION_COMMENTS = YES;
				CLANG_WARN_EMPTY_BODY = YES;
				CLANG_WARN_ENUM_CONVERSION = YES;
				CLANG_WARN_INFINITE_RECURSION = YES;
				CLANG_WARN_INT_CONVERSION = YES;
				CLANG_WARN_NON_LITERAL_NULL_CONVERSION = YES;
				CLANG_WARN_OBJC_IMPLICIT_RETAIN_SELF = YES;
				CLANG_WARN_OBJC_LITERAL_CONVERSION = YES;
				CLANG_WARN_OBJC_ROOT_CLASS = YES_ERROR;
				CLANG_WARN_QUOTED_INCLUDE_IN_FRAMEWORK_HEADER = YES;
				CLANG_WARN_RANGE_LOOP_ANALYSIS = YES;
				CLANG_WARN_STRICT_PROTOTYPES = YES;
				CLANG_WARN_SUSPICIOUS_MOVE = YES;
				CLANG_WARN_UNGUARDED_AVAILABILITY = YES_AGGRESSIVE;
				CLANG_WARN_UNREACHABLE_CODE = YES;
				CLANG_WARN__DUPLICATE_METHOD_MATCH = YES;
				COPY_PHASE_STRIP = NO;
				DEBUG_INFORMATION_FORMAT = "dwarf-with-dsym";
				ENABLE_NS_ASSERTIONS = NO;
				ENABLE_STRICT_OBJC_MSGSEND = YES;
				GCC_C_LANGUAGE_STANDARD = gnu11;
				GCC_NO_COMMON_BLOCKS = YES;
				GCC_WARN_64_TO_32_BIT_CONVERSION = YES;
				GCC_WARN_ABOUT_RETURN_TYPE = YES_ERROR;
				GCC_WARN_UNDECLARED_SELECTOR = YES;
				GCC_WARN_UNINITIALIZED_AUTOS = YES_AGGRESSIVE;
				GCC_WARN_UNUSED_FUNCTION = YES;
				GCC_WARN_UNUSED_VARIABLE = YES;
				IPHONEOS_DEPLOYMENT_TARGET = 15.5;
				MTL_ENABLE_DEBUG_INFO = NO;
				MTL_FAST_MATH = YES;
				SDKROOT = iphoneos;
				SWIFT_COMPILATION_MODE = wholemodule;
				SWIFT_OPTIMIZATION_LEVEL = "-O";
				VALIDATE_PRODUCT = YES;
			};
			name = Release;
		};
		92D9A8D428C3C43F0074B23D /* Debug */ = {
			isa = XCBuildConfiguration;
			buildSettings = {
				ASSETCATALOG_COMPILER_APPICON_NAME = AppIcon;
				ASSETCATALOG_COMPILER_GLOBAL_ACCENT_COLOR_NAME = AccentColor;
				CODE_SIGN_STYLE = Automatic;
				CURRENT_PROJECT_VERSION = 1;
				DEVELOPMENT_ASSET_PATHS = "\"City Restaurants/Preview Content\"";
				DEVELOPMENT_TEAM = 2T9W4428P9;
				ENABLE_PREVIEWS = YES;
				GENERATE_INFOPLIST_FILE = YES;
				INFOPLIST_FILE = "City-Restaurants-Info.plist";
				INFOPLIST_KEY_NSLocationWhenInUseUsageDescription = "Grant permission to find restaurants near the user";
				INFOPLIST_KEY_UIApplicationSceneManifest_Generation = YES;
				INFOPLIST_KEY_UIApplicationSupportsIndirectInputEvents = YES;
				INFOPLIST_KEY_UILaunchScreen_Generation = YES;
				INFOPLIST_KEY_UISupportedInterfaceOrientations_iPad = "UIInterfaceOrientationPortrait UIInterfaceOrientationPortraitUpsideDown UIInterfaceOrientationLandscapeLeft UIInterfaceOrientationLandscapeRight";
				INFOPLIST_KEY_UISupportedInterfaceOrientations_iPhone = "UIInterfaceOrientationPortrait UIInterfaceOrientationLandscapeLeft UIInterfaceOrientationLandscapeRight";
				LD_RUNPATH_SEARCH_PATHS = (
					"$(inherited)",
					"@executable_path/Frameworks",
				);
				MARKETING_VERSION = 1.0;
				PRODUCT_BUNDLE_IDENTIFIER = "com.alexiva10.City-Restaurants";
				PRODUCT_NAME = "$(TARGET_NAME)";
				SWIFT_EMIT_LOC_STRINGS = YES;
				SWIFT_VERSION = 5.0;
				TARGETED_DEVICE_FAMILY = "1,2";
			};
			name = Debug;
		};
		92D9A8D528C3C43F0074B23D /* Release */ = {
			isa = XCBuildConfiguration;
			buildSettings = {
				ASSETCATALOG_COMPILER_APPICON_NAME = AppIcon;
				ASSETCATALOG_COMPILER_GLOBAL_ACCENT_COLOR_NAME = AccentColor;
				CODE_SIGN_STYLE = Automatic;
				CURRENT_PROJECT_VERSION = 1;
				DEVELOPMENT_ASSET_PATHS = "\"City Restaurants/Preview Content\"";
				DEVELOPMENT_TEAM = 2T9W4428P9;
				ENABLE_PREVIEWS = YES;
				GENERATE_INFOPLIST_FILE = YES;
				INFOPLIST_FILE = "City-Restaurants-Info.plist";
				INFOPLIST_KEY_NSLocationWhenInUseUsageDescription = "Grant permission to find restaurants near the user";
				INFOPLIST_KEY_UIApplicationSceneManifest_Generation = YES;
				INFOPLIST_KEY_UIApplicationSupportsIndirectInputEvents = YES;
				INFOPLIST_KEY_UILaunchScreen_Generation = YES;
				INFOPLIST_KEY_UISupportedInterfaceOrientations_iPad = "UIInterfaceOrientationPortrait UIInterfaceOrientationPortraitUpsideDown UIInterfaceOrientationLandscapeLeft UIInterfaceOrientationLandscapeRight";
				INFOPLIST_KEY_UISupportedInterfaceOrientations_iPhone = "UIInterfaceOrientationPortrait UIInterfaceOrientationLandscapeLeft UIInterfaceOrientationLandscapeRight";
				LD_RUNPATH_SEARCH_PATHS = (
					"$(inherited)",
					"@executable_path/Frameworks",
				);
				MARKETING_VERSION = 1.0;
				PRODUCT_BUNDLE_IDENTIFIER = "com.alexiva10.City-Restaurants";
				PRODUCT_NAME = "$(TARGET_NAME)";
				SWIFT_EMIT_LOC_STRINGS = YES;
				SWIFT_VERSION = 5.0;
				TARGETED_DEVICE_FAMILY = "1,2";
			};
			name = Release;
		};
/* End XCBuildConfiguration section */

/* Begin XCConfigurationList section */
		92D9A8C028C3C43E0074B23D /* Build configuration list for PBXProject "City Restaurants" */ = {
			isa = XCConfigurationList;
			buildConfigurations = (
				92D9A8D128C3C43F0074B23D /* Debug */,
				92D9A8D228C3C43F0074B23D /* Release */,
			);
			defaultConfigurationIsVisible = 0;
			defaultConfigurationName = Release;
		};
		92D9A8D328C3C43F0074B23D /* Build configuration list for PBXNativeTarget "City Restaurants" */ = {
			isa = XCConfigurationList;
			buildConfigurations = (
				92D9A8D428C3C43F0074B23D /* Debug */,
				92D9A8D528C3C43F0074B23D /* Release */,
			);
			defaultConfigurationIsVisible = 0;
			defaultConfigurationName = Release;
		};
/* End XCConfigurationList section */
	};
	rootObject = 92D9A8BD28C3C43E0074B23D /* Project object */;
}
